{
	"name": "shared",
	"version": "1.0.0",
	"lockfileVersion": 1,
	"requires": true,
	"dependencies": {
		"@types/vscode": {
			"version": "1.37.0",
			"resolved": "https://registry.npmjs.org/@types/vscode/-/vscode-1.37.0.tgz",
			"integrity": "sha512-PRfeuqYuzk3vjf+puzxltIUWC+AhEGYpFX29/37w30DQSQnpf5AgMVf7GDBAdmTbWTBou+EMFz/Ne6XCM/KxzQ==",
			"dev": true
		}
	}
}
