{
	"name": "shared",
	"version": "1.0.0",
	"lockfileVersion": 1,
	"requires": true,
	"dependencies": {
		"@types/vscode": {
			"version": "1.34.0",
			"resolved": "https://registry.npmjs.org/@types/vscode/-/vscode-1.34.0.tgz",
			"integrity": "sha512-t81rGr6aFw8TMap7UJdikC5ilOtL0yNr/pkovyyTy31fZ4XJehrxLMRh8nJuoOF3+g4rG9ljmtQo7tm6wyoaYA==",
			"dev": true
		}
	}
}
