{
	"name": "shared",
	"version": "1.0.0",
	"lockfileVersion": 1,
	"requires": true,
	"dependencies": {
		"@types/vscode": {
			"version": "1.43.0",
			"resolved": "https://registry.npmjs.org/@types/vscode/-/vscode-1.43.0.tgz",
			"integrity": "sha512-kIaR9qzd80rJOxePKpCB/mdy00mz8Apt2QA5Y6rdrKFn13QNFNeP3Hzmsf37Bwh/3cS7QjtAeGSK7wSqAU0sYQ==",
			"dev": true
		}
	}
}
