{
  "name": "svg-preview",
  "version": "2.8.2",
  "lockfileVersion": 1,
  "requires": true,
  "dependencies": {
    "@types/memoize-one": {
      "version": "5.1.2",
      "resolved": "https://registry.npmjs.org/@types/memoize-one/-/memoize-one-5.1.2.tgz",
      "integrity": "sha512-9lItlM8Bf1DPvm8p4zE0vUn7YoTktEYgLd6Eva/PT0its200xmhaYrCMG/Y8615/f62SXOrDWMIEPk/xV+DQpw==",
      "dev": true,
      "requires": {
        "memoize-one": "*"
      }
    },
    "@types/mime-types": {
      "version": "2.1.0",
      "resolved": "https://registry.npmjs.org/@types/mime-types/-/mime-types-2.1.0.tgz",
      "integrity": "sha1-nKUs2jY/aZxpRmwqbM2q2RPqenM=",
      "dev": true
    },
    "@types/node": {
      "version": "13.5.0",
      "resolved": "https://registry.npmjs.org/@types/node/-/node-13.5.0.tgz",
      "integrity": "sha512-Onhn+z72D2O2Pb2ql2xukJ55rglumsVo1H6Fmyi8mlU9SvKdBk/pUSUAiBY/d9bAOF7VVWajX3sths/+g6ZiAQ==",
      "dev": true
    },
    "@types/vscode": {
      "version": "1.41.0",
      "resolved": "https://registry.npmjs.org/@types/vscode/-/vscode-1.41.0.tgz",
      "integrity": "sha512-7SfeY5u9jgiELwxyLB3z7l6l/GbN9CqpCQGkcRlB7tKRFBxzbz2PoBfGrLxI1vRfUCIq5+hg5vtDHExwq5j3+A==",
      "dev": true
    },
    "get-port": {
      "version": "5.1.1",
      "resolved": "https://registry.npmjs.org/get-port/-/get-port-5.1.1.tgz",
      "integrity": "sha512-g/Q1aTSDOxFpchXC4i8ZWvxA1lnPqx/JHqcpIw0/LX9T8x/GBbi6YnlN5nhaKIFkT8oFsscUKgDJYxfwfS6QsQ=="
    },
    "memoize-one": {
      "version": "5.1.1",
      "resolved": "https://registry.npmjs.org/memoize-one/-/memoize-one-5.1.1.tgz",
      "integrity": "sha512-HKeeBpWvqiVJD57ZUAsJNm71eHTykffzcLZVYWiVfQeI1rJtuEaS7hQiEpWfVVk18donPwJEcFKIkCmPJNOhHA=="
    },
    "mime-db": {
      "version": "1.43.0",
      "resolved": "https://registry.npmjs.org/mime-db/-/mime-db-1.43.0.tgz",
      "integrity": "sha512-+5dsGEEovYbT8UY9yD7eE4XTc4UwJ1jBYlgaQQF38ENsKR3wj/8q8RFZrF9WIZpB2V1ArTVFUva8sAul1NzRzQ=="
    },
    "mime-types": {
      "version": "2.1.26",
      "resolved": "https://registry.npmjs.org/mime-types/-/mime-types-2.1.26.tgz",
      "integrity": "sha512-01paPWYgLrkqAyrlDorC1uDwl2p3qZT7yl806vW7DvDoxwXi46jsjFbg+WdwotBIk6/MbEhO/dh5aZ5sNj/dWQ==",
      "requires": {
        "mime-db": "1.43.0"
      }
    }
  }
}
