{
	"name": "svg-preview",
	"version": "2.8.3",
	"lockfileVersion": 1,
	"requires": true,
	"dependencies": {
		"@types/memoize-one": {
			"version": "5.1.2",
			"resolved": "https://registry.npmjs.org/@types/memoize-one/-/memoize-one-5.1.2.tgz",
			"integrity": "sha512-9lItlM8Bf1DPvm8p4zE0vUn7YoTktEYgLd6Eva/PT0its200xmhaYrCMG/Y8615/f62SXOrDWMIEPk/xV+DQpw==",
			"dev": true,
			"requires": {
				"memoize-one": "*"
			}
		},
		"@types/mime-types": {
			"version": "2.1.0",
			"resolved": "https://registry.npmjs.org/@types/mime-types/-/mime-types-2.1.0.tgz",
			"integrity": "sha1-nKUs2jY/aZxpRmwqbM2q2RPqenM=",
			"dev": true
		},
		"@types/node": {
			"version": "14.0.1",
			"resolved": "https://registry.npmjs.org/@types/node/-/node-14.0.1.tgz",
			"integrity": "sha512-FAYBGwC+W6F9+huFIDtn43cpy7+SzG+atzRiTfdp3inUKL2hXnd4rG8hylJLIh4+hqrQy1P17kvJByE/z825hA==",
			"dev": true
		},
		"@types/vscode": {
			"version": "1.45.1",
			"resolved": "https://registry.npmjs.org/@types/vscode/-/vscode-1.45.1.tgz",
			"integrity": "sha512-0NO9qrrEJBO8FsqHCrFMgR2suKnwCsKBWvRSb2OzH5gs4i3QO5AhEMQYrSzDbU/wLPt7N617/rN9lPY213gmwg==",
			"dev": true
		},
		"get-port": {
			"version": "5.1.1",
			"resolved": "https://registry.npmjs.org/get-port/-/get-port-5.1.1.tgz",
			"integrity": "sha512-g/Q1aTSDOxFpchXC4i8ZWvxA1lnPqx/JHqcpIw0/LX9T8x/GBbi6YnlN5nhaKIFkT8oFsscUKgDJYxfwfS6QsQ=="
		},
		"memoize-one": {
			"version": "5.1.1",
			"resolved": "https://registry.npmjs.org/memoize-one/-/memoize-one-5.1.1.tgz",
			"integrity": "sha512-HKeeBpWvqiVJD57ZUAsJNm71eHTykffzcLZVYWiVfQeI1rJtuEaS7hQiEpWfVVk18donPwJEcFKIkCmPJNOhHA=="
		},
		"mime-db": {
			"version": "1.44.0",
			"resolved": "https://registry.npmjs.org/mime-db/-/mime-db-1.44.0.tgz",
			"integrity": "sha512-/NOTfLrsPBVeH7YtFPgsVWveuL+4SjjYxaQ1xtM1KMFj7HdxlBlxeyNLzhyJVx7r4rZGJAZ/6lkKCitSc/Nmpg=="
		},
		"mime-types": {
			"version": "2.1.27",
			"resolved": "https://registry.npmjs.org/mime-types/-/mime-types-2.1.27.tgz",
			"integrity": "sha512-JIhqnCasI9yD+SsmkquHBxTSEuZdQX5BuQnS2Vc7puQQQ+8yiP5AY5uWhpdv4YL4VM5c6iliiYWPgJ/nJQLp7w==",
			"requires": {
				"mime-db": "1.44.0"
			}
		}
	}
}
