{
	"name": "svg-preview",
	"version": "2.7.7",
	"lockfileVersion": 1,
	"requires": true,
	"dependencies": {
		"@types/memoize-one": {
			"version": "4.1.1",
			"resolved": "https://registry.npmjs.org/@types/memoize-one/-/memoize-one-4.1.1.tgz",
			"integrity": "sha512-+9djKUUn8hOyktLCfCy4hLaIPgDNovaU36fsnZe9trFHr6ddlbIn2q0SEsnkCkNR+pBWEU440Molz/+Mpyf+gQ==",
			"dev": true
		},
		"@types/mime-types": {
			"version": "2.1.0",
			"resolved": "https://registry.npmjs.org/@types/mime-types/-/mime-types-2.1.0.tgz",
			"integrity": "sha1-nKUs2jY/aZxpRmwqbM2q2RPqenM=",
			"dev": true
		},
		"@types/node": {
			"version": "12.12.22",
			"resolved": "https://registry.npmjs.org/@types/node/-/node-12.12.22.tgz",
			"integrity": "sha512-r5i93jqbPWGXYXxianGATOxTelkp6ih/U0WVnvaqAvTqM+0U6J3kw6Xk6uq/dWNRkEVw/0SLcO5ORXbVNz4FMQ==",
			"dev": true
		},
		"@types/vscode": {
			"version": "1.41.0",
			"resolved": "https://registry.npmjs.org/@types/vscode/-/vscode-1.41.0.tgz",
			"integrity": "sha512-7SfeY5u9jgiELwxyLB3z7l6l/GbN9CqpCQGkcRlB7tKRFBxzbz2PoBfGrLxI1vRfUCIq5+hg5vtDHExwq5j3+A==",
			"dev": true
		},
		"get-port": {
			"version": "5.1.0",
			"resolved": "https://registry.npmjs.org/get-port/-/get-port-5.1.0.tgz",
			"integrity": "sha512-bjioH1E9bTQUvgaB6VycVy1QVbTZI41yTnF9qkZz6ixgy/uhCH6D63bKeZ6Code/07JYA61MeI94jSdHss8PNA=="
		},
		"memoize-one": {
			"version": "5.1.1",
			"resolved": "https://registry.npmjs.org/memoize-one/-/memoize-one-5.1.1.tgz",
			"integrity": "sha512-HKeeBpWvqiVJD57ZUAsJNm71eHTykffzcLZVYWiVfQeI1rJtuEaS7hQiEpWfVVk18donPwJEcFKIkCmPJNOhHA=="
		},
		"mime-db": {
			"version": "1.42.0",
			"resolved": "https://registry.npmjs.org/mime-db/-/mime-db-1.42.0.tgz",
			"integrity": "sha512-UbfJCR4UAVRNgMpfImz05smAXK7+c+ZntjaA26ANtkXLlOe947Aag5zdIcKQULAiF9Cq4WxBi9jUs5zkA84bYQ=="
		},
		"mime-types": {
			"version": "2.1.25",
			"resolved": "https://registry.npmjs.org/mime-types/-/mime-types-2.1.25.tgz",
			"integrity": "sha512-5KhStqB5xpTAeGqKBAMgwaYMnQik7teQN4IAzC7npDv6kzeU6prfkR67bc87J1kWMPGkoaZSq1npmexMgkmEVg==",
			"requires": {
				"mime-db": "1.42.0"
			}
		}
	}
}
